
Microsoft Visual Studio Solution File, Format Version 12.00
# Visual Studio 15
VisualStudioVersion = 15.0.28307.489
MinimumVisualStudioVersion = 10.0.40219.1
Project("{FAE04EC0-301F-11D3-BF4B-00C04F79EFBC}") = "calendartest", "calendartest\calendartest.csproj", "{240F2BA3-5D9F-40CD-B23B-7F581C9FF783}"
EndProject
Global
	GlobalSection(SolutionConfigurationPlatforms) = preSolution
		Debug|Any CPU = Debug|Any CPU
		Release|Any CPU = Release|Any CPU
	EndGlobalSection
	GlobalSection(ProjectConfigurationPlatforms) = postSolution
		{240F2BA3-5D9F-40CD-B23B-7F581C9FF783}.Debug|Any CPU.ActiveCfg = Debug|Any CPU
		{240F2BA3-5D9F-40CD-B23B-7F581C9FF783}.Debug|Any CPU.Build.0 = Debug|Any CPU
		{240F2BA3-5D9F-40CD-B23B-7F581C9FF783}.Release|Any CPU.ActiveCfg = Release|Any CPU
		{240F2BA3-5D9F-40CD-B23B-7F581C9FF783}.Release|Any CPU.Build.0 = Release|Any CPU
	EndGlobalSection
	GlobalSection(SolutionProperties) = preSolution
		HideSolutionNode = FALSE
	EndGlobalSection
	GlobalSection(ExtensibilityGlobals) = postSolution
		SolutionGuid = {E66D802B-3AAE-4354-B61B-62E6A14E3AFB}
	EndGlobalSection
EndGlobal
